
Microsoft Visual Studio Solution File, Format Version 12.00
# Visual Studio 15
VisualStudioVersion = 15.0.28307.1145
MinimumVisualStudioVersion = 10.0.40219.1
Project("{FAE04EC0-301F-11D3-BF4B-00C04F79EFBC}") = "MXIC.EPR.TikaHelper", "TikaHelper\MXIC.EPR.TikaHelper.csproj", "{BF22BFE6-805A-4791-A9F3-536FAA802B37}"
EndProject
Project("{FAE04EC0-301F-11D3-BF4B-00C04F79EFBC}") = "TikaHelperApp", "TikaHelperApp\TikaHelperApp.csproj", "{4C80AC02-2760-40BA-A481-638B6C771D23}"
EndProject
Global
	GlobalSection(SolutionConfigurationPlatforms) = preSolution
		Debug|Any CPU = Debug|Any CPU
		Release|Any CPU = Release|Any CPU
	EndGlobalSection
	GlobalSection(ProjectConfigurationPlatforms) = postSolution
		{BF22BFE6-805A-4791-A9F3-536FAA802B37}.Debug|Any CPU.ActiveCfg = Debug|Any CPU
		{BF22BFE6-805A-4791-A9F3-536FAA802B37}.Debug|Any CPU.Build.0 = Debug|Any CPU
		{BF22BFE6-805A-4791-A9F3-536FAA802B37}.Release|Any CPU.ActiveCfg = Release|Any CPU
		{BF22BFE6-805A-4791-A9F3-536FAA802B37}.Release|Any CPU.Build.0 = Release|Any CPU
		{4C80AC02-2760-40BA-A481-638B6C771D23}.Debug|Any CPU.ActiveCfg = Debug|Any CPU
		{4C80AC02-2760-40BA-A481-638B6C771D23}.Debug|Any CPU.Build.0 = Debug|Any CPU
		{4C80AC02-2760-40BA-A481-638B6C771D23}.Release|Any CPU.ActiveCfg = Release|Any CPU
		{4C80AC02-2760-40BA-A481-638B6C771D23}.Release|Any CPU.Build.0 = Release|Any CPU
	EndGlobalSection
	GlobalSection(SolutionProperties) = preSolution
		HideSolutionNode = FALSE
	EndGlobalSection
	GlobalSection(ExtensibilityGlobals) = postSolution
		SolutionGuid = {593DDE54-E1FD-4D22-974B-2727F09D6FF7}
	EndGlobalSection
EndGlobal
